{
  "name": "pod-3.1.3-team-4",
  "version": "1.0.0",
  "lockfileVersion": 1,
  "requires": true,
  "dependencies": {
    "@discordjs/collection": {
      "version": "0.1.6",
      "resolved": "https://registry.npmjs.org/@discordjs/collection/-/collection-0.1.6.tgz",
      "integrity": "sha512-utRNxnd9kSS2qhyivo9lMlt5qgAUasH2gb7BEOn6p0efFh24gjGomHzWKMAPn2hEReOPQZCJaRKoURwRotKucQ=="
    },
    "@discordjs/form-data": {
      "version": "3.0.1",
      "resolved": "https://registry.npmjs.org/@discordjs/form-data/-/form-data-3.0.1.tgz",
      "integrity": "sha512-ZfFsbgEXW71Rw/6EtBdrP5VxBJy4dthyC0tpQKGKmYFImlmmrykO14Za+BiIVduwjte0jXEBlhSKf0MWbFp9Eg==",
      "requires": {
        "asynckit": "^0.4.0",
        "combined-stream": "^1.0.8",
        "mime-types": "^2.1.12"
      }
    },
    "@octokit/app": {
      "version": "12.0.3",
      "resolved": "https://registry.npmjs.org/@octokit/app/-/app-12.0.3.tgz",
      "integrity": "sha512-ag/g5ufxZl+t93b19WBdrg+7GLq3IgPsGb5z/xqjyCsV2tr7i2Dqjrah/IbTJ4ncNE7iIvMQI5/vKjiSSUxqCg==",
      "requires": {
        "@octokit/auth-app": "^3.3.0",
        "@octokit/auth-unauthenticated": "^2.0.4",
        "@octokit/core": "^3.4.0",
        "@octokit/oauth-app": "^3.3.2",
        "@octokit/plugin-paginate-rest": "^2.13.3",
        "@octokit/types": "^6.13.0",
        "@octokit/webhooks": "^9.0.1"
      }
    },
    "@octokit/auth-app": {
      "version": "3.5.3",
      "resolved": "https://registry.npmjs.org/@octokit/auth-app/-/auth-app-3.5.3.tgz",
      "integrity": "sha512-KB5pZCQ3lN9U47+dTAPlyzQO4bFwaaJClnMI2vOYJC0HPm7mGxZ1m/xG7Tk2rn6g07Ei6n06vYoWvuuuHYkXNA==",
      "requires": {
        "@octokit/auth-oauth-app": "^4.3.0",
        "@octokit/auth-oauth-user": "^1.2.3",
        "@octokit/request": "^5.6.0",
        "@octokit/request-error": "^2.1.0",
        "@octokit/types": "^6.0.3",
        "@types/lru-cache": "^5.1.0",
        "deprecation": "^2.3.1",
        "lru-cache": "^6.0.0",
        "universal-github-app-jwt": "^1.0.1",
        "universal-user-agent": "^6.0.0"
      }
    },
    "@octokit/auth-oauth-app": {
      "version": "4.3.0",
      "resolved": "https://registry.npmjs.org/@octokit/auth-oauth-app/-/auth-oauth-app-4.3.0.tgz",
      "integrity": "sha512-cETmhmOQRHCz6cLP7StThlJROff3A/ln67Q961GuIr9zvyFXZ4lIJy9RE6Uw5O7D8IXWPU3jhDnG47FTSGQr8Q==",
      "requires": {
        "@octokit/auth-oauth-device": "^3.1.1",
        "@octokit/auth-oauth-user": "^1.2.1",
        "@octokit/request": "^5.3.0",
        "@octokit/types": "^6.0.3",
        "@types/btoa-lite": "^1.0.0",
        "btoa-lite": "^1.0.0",
        "universal-user-agent": "^6.0.0"
      }
    },
    "@octokit/auth-oauth-device": {
      "version": "3.1.2",
      "resolved": "https://registry.npmjs.org/@octokit/auth-oauth-device/-/auth-oauth-device-3.1.2.tgz",
      "integrity": "sha512-w7Po4Ck6N2aAn2VQyKLuojruiyKROTBv4qs6IwE5rbwF7HhBXXp4A/NKmkpoFIZkiXQtM+N8QtkSck4ApYWdGg==",
      "requires": {
        "@octokit/oauth-methods": "^1.1.0",
        "@octokit/request": "^5.4.14",
        "@octokit/types": "^6.10.0",
        "universal-user-agent": "^6.0.0"
      }
    },
    "@octokit/auth-oauth-user": {
      "version": "1.3.0",
      "resolved": "https://registry.npmjs.org/@octokit/auth-oauth-user/-/auth-oauth-user-1.3.0.tgz",
      "integrity": "sha512-3QC/TAdk7onnxfyZ24BnJRfZv8TRzQK7SEFUS9vLng4Vv6Hv6I64ujdk/CUkREec8lhrwU764SZ/d+yrjjqhaQ==",
      "requires": {
        "@octokit/auth-oauth-device": "^3.1.1",
        "@octokit/oauth-methods": "^1.1.0",
        "@octokit/request": "^5.4.14",
        "@octokit/types": "^6.12.2",
        "btoa-lite": "^1.0.0",
        "universal-user-agent": "^6.0.0"
      }
    },
    "@octokit/auth-token": {
      "version": "2.4.5",
      "resolved": "https://registry.npmjs.org/@octokit/auth-token/-/auth-token-2.4.5.tgz",
      "integrity": "sha512-BpGYsPgJt05M7/L/5FoE1PiAbdxXFZkX/3kDYcsvd1v6UhlnE5e96dTDr0ezX/EFwciQxf3cNV0loipsURU+WA==",
      "requires": {
        "@octokit/types": "^6.0.3"
      }
    },
    "@octokit/auth-unauthenticated": {
      "version": "2.1.0",
      "resolved": "https://registry.npmjs.org/@octokit/auth-unauthenticated/-/auth-unauthenticated-2.1.0.tgz",
      "integrity": "sha512-+baofLfSL0CAv3CfGQ9rxiZZQEX8VNJMGuuS4PgrMRBUL52Ho5+hQYb63UJQshw7EXYMPDZxbXznc0y33cbPqw==",
      "requires": {
        "@octokit/request-error": "^2.1.0",
        "@octokit/types": "^6.0.3"
      }
    },
    "@octokit/core": {
      "version": "3.5.1",
      "resolved": "https://registry.npmjs.org/@octokit/core/-/core-3.5.1.tgz",
      "integrity": "sha512-omncwpLVxMP+GLpLPgeGJBF6IWJFjXDS5flY5VbppePYX9XehevbDykRH9PdCdvqt9TS5AOTiDide7h0qrkHjw==",
      "requires": {
        "@octokit/auth-token": "^2.4.4",
        "@octokit/graphql": "^4.5.8",
        "@octokit/request": "^5.6.0",
        "@octokit/request-error": "^2.0.5",
        "@octokit/types": "^6.0.3",
        "before-after-hook": "^2.2.0",
        "universal-user-agent": "^6.0.0"
      }
    },
    "@octokit/endpoint": {
      "version": "6.0.12",
      "resolved": "https://registry.npmjs.org/@octokit/endpoint/-/endpoint-6.0.12.tgz",
      "integrity": "sha512-lF3puPwkQWGfkMClXb4k/eUT/nZKQfxinRWJrdZaJO85Dqwo/G0yOC434Jr2ojwafWJMYqFGFa5ms4jJUgujdA==",
      "requires": {
        "@octokit/types": "^6.0.3",
        "is-plain-object": "^5.0.0",
        "universal-user-agent": "^6.0.0"
      }
    },
    "@octokit/graphql": {
      "version": "4.6.4",
      "resolved": "https://registry.npmjs.org/@octokit/graphql/-/graphql-4.6.4.tgz",
      "integrity": "sha512-SWTdXsVheRmlotWNjKzPOb6Js6tjSqA2a8z9+glDJng0Aqjzti8MEWOtuT8ZSu6wHnci7LZNuarE87+WJBG4vg==",
      "requires": {
        "@octokit/request": "^5.6.0",
        "@octokit/types": "^6.0.3",
        "universal-user-agent": "^6.0.0"
      }
    },
    "@octokit/oauth-app": {
      "version": "3.4.0",
      "resolved": "https://registry.npmjs.org/@octokit/oauth-app/-/oauth-app-3.4.0.tgz",
      "integrity": "sha512-aJc/undC6y2kiuJFHLiBI3QM6Qc/IGvnIoPvrmTHLQoqM9DqeSxevkfbdfZVUPnxpbBYwuTBcoVKoPbxxUBMKA==",
      "requires": {
        "@octokit/auth-oauth-app": "^4.0.0",
        "@octokit/auth-oauth-user": "^1.3.0",
        "@octokit/auth-unauthenticated": "^2.0.0",
        "@octokit/core": "^3.3.2",
        "@octokit/oauth-authorization-url": "^4.2.1",
        "@octokit/oauth-methods": "^1.2.2",
        "fromentries": "^1.3.1",
        "universal-user-agent": "^6.0.0"
      }
    },
    "@octokit/oauth-authorization-url": {
      "version": "4.3.2",
      "resolved": "https://registry.npmjs.org/@octokit/oauth-authorization-url/-/oauth-authorization-url-4.3.2.tgz",
      "integrity": "sha512-CkKc5+clTSd8nNAtwQWzBewASIpgxO8tEtU75AbVsjDuwDIDj9F0uJ5fjGvsa2rwkc8kP4CxTk5dvEe38SfbLA=="
    },
    "@octokit/oauth-methods": {
      "version": "1.2.4",
      "resolved": "https://registry.npmjs.org/@octokit/oauth-methods/-/oauth-methods-1.2.4.tgz",
      "integrity": "sha512-85hen2Dkpnmy2PGfVFe7Ke9rUo//nlqUcHE4GiQBHJ7D95rAm19GcRO49LlH6NOXOMdEFj7i/Ay5GVDRrAk38w==",
      "requires": {
        "@octokit/oauth-authorization-url": "^4.3.1",
        "@octokit/request": "^5.4.14",
        "@octokit/request-error": "^2.0.5",
        "@octokit/types": "^6.12.2",
        "btoa-lite": "^1.0.0"
      }
    },
    "@octokit/openapi-types": {
      "version": "9.2.0",
      "resolved": "https://registry.npmjs.org/@octokit/openapi-types/-/openapi-types-9.2.0.tgz",
      "integrity": "sha512-c4A1Xm0At+ypvBfEETREu519wLncJYQXvY+dBGg/V5YA51eg5EwdDsPPfcOMG0cuXscqRvsIgIySTmTJUdcTNA=="
    },
    "@octokit/plugin-paginate-rest": {
      "version": "2.14.0",
      "resolved": "https://registry.npmjs.org/@octokit/plugin-paginate-rest/-/plugin-paginate-rest-2.14.0.tgz",
      "integrity": "sha512-S2uEu2uHeI7Vf+Lvj8tv3O5/5TCAa8GHS0dUQN7gdM7vKA6ZHAbR6HkAVm5yMb1mbedLEbxOuQ+Fa0SQ7tCDLA==",
      "requires": {
        "@octokit/types": "^6.18.0"
      }
    },
    "@octokit/plugin-rest-endpoint-methods": {
      "version": "5.5.2",
      "resolved": "https://registry.npmjs.org/@octokit/plugin-rest-endpoint-methods/-/plugin-rest-endpoint-methods-5.5.2.tgz",
      "integrity": "sha512-1ArooY7AYQdUd2zyqWLFHQ6gver9PvZSiuM+EPAsDplv1Y6u8zHl6yZ7yGIgaf7xvWupwUkJS2WttGYyb1P0DQ==",
      "requires": {
        "@octokit/types": "^6.22.0",
        "deprecation": "^2.3.1"
      }
    },
    "@octokit/plugin-retry": {
      "version": "3.0.9",
      "resolved": "https://registry.npmjs.org/@octokit/plugin-retry/-/plugin-retry-3.0.9.tgz",
      "integrity": "sha512-r+fArdP5+TG6l1Rv/C9hVoty6tldw6cE2pRHNGmFPdyfrc696R6JjrQ3d7HdVqGwuzfyrcaLAKD7K8TX8aehUQ==",
      "requires": {
        "@octokit/types": "^6.0.3",
        "bottleneck": "^2.15.3"
      }
    },
    "@octokit/plugin-throttling": {
      "version": "3.5.1",
      "resolved": "https://registry.npmjs.org/@octokit/plugin-throttling/-/plugin-throttling-3.5.1.tgz",
      "integrity": "sha512-d2jh3/RZo98DRw2J0jFxhKz7nrTGalGdkfRtxM+pI5k1wRb4BKBjiuE9cuZnhZyj+zLC1EcIptj7K+28LJZ3eA==",
      "requires": {
        "@octokit/types": "^6.0.1",
        "bottleneck": "^2.15.3"
      }
    },
    "@octokit/request": {
      "version": "5.6.0",
      "resolved": "https://registry.npmjs.org/@octokit/request/-/request-5.6.0.tgz",
      "integrity": "sha512-4cPp/N+NqmaGQwbh3vUsYqokQIzt7VjsgTYVXiwpUP2pxd5YiZB2XuTedbb0SPtv9XS7nzAKjAuQxmY8/aZkiA==",
      "requires": {
        "@octokit/endpoint": "^6.0.1",
        "@octokit/request-error": "^2.1.0",
        "@octokit/types": "^6.16.1",
        "is-plain-object": "^5.0.0",
        "node-fetch": "^2.6.1",
        "universal-user-agent": "^6.0.0"
      }
    },
    "@octokit/request-error": {
      "version": "2.1.0",
      "resolved": "https://registry.npmjs.org/@octokit/request-error/-/request-error-2.1.0.tgz",
      "integrity": "sha512-1VIvgXxs9WHSjicsRwq8PlR2LR2x6DwsJAaFgzdi0JfJoGSO8mYI/cHJQ+9FbN21aa+DrgNLnwObmyeSC8Rmpg==",
      "requires": {
        "@octokit/types": "^6.0.3",
        "deprecation": "^2.0.0",
        "once": "^1.4.0"
      }
    },
    "@octokit/types": {
      "version": "6.22.0",
      "resolved": "https://registry.npmjs.org/@octokit/types/-/types-6.22.0.tgz",
      "integrity": "sha512-Y8GR0BJHQDpO09qw/ZQpN+DXrFzCWaE0pvK4frDm3zJ+h99AktsFfBoDazbCtHxiL8d0jD8xRH4BeynlKLeChg==",
      "requires": {
        "@octokit/openapi-types": "^9.2.0"
      }
    },
    "@octokit/webhooks": {
      "version": "9.11.0",
      "resolved": "https://registry.npmjs.org/@octokit/webhooks/-/webhooks-9.11.0.tgz",
      "integrity": "sha512-0pgBcPtpSIfvJX4COVQbbAL2kndKYLC0kHxnqOEschoVUClLaU7f8xkNX9royJF4vg9dc2AVHVvd9QC8yVrdVw==",
      "requires": {
        "@octokit/request-error": "^2.0.2",
        "@octokit/webhooks-methods": "^2.0.0",
        "@octokit/webhooks-types": "4.2.0",
        "aggregate-error": "^3.1.0"
      }
    },
    "@octokit/webhooks-methods": {
      "version": "2.0.0",
      "resolved": "https://registry.npmjs.org/@octokit/webhooks-methods/-/webhooks-methods-2.0.0.tgz",
      "integrity": "sha512-35cfQ4YWlnZnmZKmIxlGPUPLtbkF8lr/A/1Sk1eC0ddLMwQN06dOuLc+dI3YLQS+T+MoNt3DIQ0NynwgKPilig=="
    },
    "@octokit/webhooks-types": {
      "version": "4.2.0",
      "resolved": "https://registry.npmjs.org/@octokit/webhooks-types/-/webhooks-types-4.2.0.tgz",
      "integrity": "sha512-BbWkXK0ZLE2BXF7OKlrK5B7nCqgawEiZ7orzLls5rLZlepHy1LtFlh2DSe3McqJznlBh0JRk+/eUowgXfmKmIw=="
    },
    "@types/btoa-lite": {
      "version": "1.0.0",
      "resolved": "https://registry.npmjs.org/@types/btoa-lite/-/btoa-lite-1.0.0.tgz",
      "integrity": "sha512-wJsiX1tosQ+J5+bY5LrSahHxr2wT+uME5UDwdN1kg4frt40euqA+wzECkmq4t5QbveHiJepfdThgQrPw6KiSlg=="
    },
    "@types/jsonwebtoken": {
      "version": "8.5.4",
      "resolved": "https://registry.npmjs.org/@types/jsonwebtoken/-/jsonwebtoken-8.5.4.tgz",
      "integrity": "sha512-4L8msWK31oXwdtC81RmRBAULd0ShnAHjBuKT9MRQpjP0piNrZdXyTRcKY9/UIfhGeKIT4PvF5amOOUbbT/9Wpg==",
      "requires": {
        "@types/node": "*"
      }
    },
    "@types/lru-cache": {
      "version": "5.1.1",
      "resolved": "https://registry.npmjs.org/@types/lru-cache/-/lru-cache-5.1.1.tgz",
      "integrity": "sha512-ssE3Vlrys7sdIzs5LOxCzTVMsU7i9oa/IaW92wF32JFb3CVczqOkru2xspuKczHEbG3nvmPY7IFqVmGGHdNbYw=="
    },
    "@types/node": {
      "version": "16.4.8",
      "resolved": "https://registry.npmjs.org/@types/node/-/node-16.4.8.tgz",
      "integrity": "sha512-VL7RZyCpfYEmbyd3/Eq5RNYhZt7yoL1JThZQ3KzimzhLya2Qa86U1ZZmioNWAAjiz99z1ED1xF9NUV2srvfVrA=="
    },
    "abort-controller": {
      "version": "3.0.0",
      "resolved": "https://registry.npmjs.org/abort-controller/-/abort-controller-3.0.0.tgz",
      "integrity": "sha512-h8lQ8tacZYnR3vNQTgibj+tODHI5/+l06Au2Pcriv/Gmet0eaj4TwWH41sO9wnHDiQsEj19q0drzdWdeAHtweg==",
      "requires": {
        "event-target-shim": "^5.0.0"
      }
    },
    "aggregate-error": {
      "version": "3.1.0",
      "resolved": "https://registry.npmjs.org/aggregate-error/-/aggregate-error-3.1.0.tgz",
      "integrity": "sha512-4I7Td01quW/RpocfNayFdFVk1qSuoh0E7JrbRJ16nH01HhKFQ88INq9Sd+nd72zqRySlr9BmDA8xlEJ6vJMrYA==",
      "requires": {
        "clean-stack": "^2.0.0",
        "indent-string": "^4.0.0"
      }
    },
    "asynckit": {
      "version": "0.4.0",
      "resolved": "https://registry.npmjs.org/asynckit/-/asynckit-0.4.0.tgz",
      "integrity": "sha1-x57Zf380y48robyXkLzDZkdLS3k="
    },
    "before-after-hook": {
      "version": "2.2.2",
      "resolved": "https://registry.npmjs.org/before-after-hook/-/before-after-hook-2.2.2.tgz",
      "integrity": "sha512-3pZEU3NT5BFUo/AD5ERPWOgQOCZITni6iavr5AUw5AUwQjMlI0kzu5btnyD39AF0gUEsDPwJT+oY1ORBJijPjQ=="
    },
    "bottleneck": {
      "version": "2.19.5",
      "resolved": "https://registry.npmjs.org/bottleneck/-/bottleneck-2.19.5.tgz",
      "integrity": "sha512-VHiNCbI1lKdl44tGrhNfU3lup0Tj/ZBMJB5/2ZbNXRCPuRCO7ed2mgcK4r17y+KB2EfuYuRaVlwNbAeaWGSpbw=="
    },
    "btoa-lite": {
      "version": "1.0.0",
      "resolved": "https://registry.npmjs.org/btoa-lite/-/btoa-lite-1.0.0.tgz",
      "integrity": "sha1-M3dm2hWAEhD92VbCLpxokaudAzc="
    },
    "buffer-equal-constant-time": {
      "version": "1.0.1",
      "resolved": "https://registry.npmjs.org/buffer-equal-constant-time/-/buffer-equal-constant-time-1.0.1.tgz",
      "integrity": "sha1-+OcRMvf/5uAaXJaXpMbz5I1cyBk="
    },
    "clean-stack": {
      "version": "2.2.0",
      "resolved": "https://registry.npmjs.org/clean-stack/-/clean-stack-2.2.0.tgz",
      "integrity": "sha512-4diC9HaTE+KRAMWhDhrGOECgWZxoevMc5TlkObMqNSsVU62PYzXZ/SMTjzyGAFF1YusgxGcSWTEXBhp0CPwQ1A=="
    },
    "combined-stream": {
      "version": "1.0.8",
      "resolved": "https://registry.npmjs.org/combined-stream/-/combined-stream-1.0.8.tgz",
      "integrity": "sha512-FQN4MRfuJeHf7cBbBMJFXhKSDq+2kAArBlmRBvcvFE5BB1HZKXtSFASDhdlz9zOYwxh8lDdnvmMOe/+5cdoEdg==",
      "requires": {
        "delayed-stream": "~1.0.0"
      }
    },
    "delayed-stream": {
      "version": "1.0.0",
      "resolved": "https://registry.npmjs.org/delayed-stream/-/delayed-stream-1.0.0.tgz",
      "integrity": "sha1-3zrhmayt+31ECqrgsp4icrJOxhk="
    },
    "deprecation": {
      "version": "2.3.1",
      "resolved": "https://registry.npmjs.org/deprecation/-/deprecation-2.3.1.tgz",
      "integrity": "sha512-xmHIy4F3scKVwMsQ4WnVaS8bHOx0DmVwRywosKhaILI0ywMDWPtBSku2HNxRvF7jtwDRsoEwYQSfbxj8b7RlJQ=="
    },
    "discord.js": {
      "version": "12.5.3",
      "resolved": "https://registry.npmjs.org/discord.js/-/discord.js-12.5.3.tgz",
      "integrity": "sha512-D3nkOa/pCkNyn6jLZnAiJApw2N9XrIsXUAdThf01i7yrEuqUmDGc7/CexVWwEcgbQR97XQ+mcnqJpmJ/92B4Aw==",
      "requires": {
        "@discordjs/collection": "^0.1.6",
        "@discordjs/form-data": "^3.0.1",
        "abort-controller": "^3.0.0",
        "node-fetch": "^2.6.1",
        "prism-media": "^1.2.9",
        "setimmediate": "^1.0.5",
        "tweetnacl": "^1.0.3",
        "ws": "^7.4.4"
      }
    },
    "dotenv": {
      "version": "10.0.0",
      "resolved": "https://registry.npmjs.org/dotenv/-/dotenv-10.0.0.tgz",
      "integrity": "sha512-rlBi9d8jpv9Sf1klPjNfFAuWDjKLwTIJJ/VxtoTwIR6hnZxcEOQCZg2oIL3MWBYw5GpUDKOEnND7LXTbIpQ03Q==",
      "dev": true
    },
    "ecdsa-sig-formatter": {
      "version": "1.0.11",
      "resolved": "https://registry.npmjs.org/ecdsa-sig-formatter/-/ecdsa-sig-formatter-1.0.11.tgz",
      "integrity": "sha512-nagl3RYrbNv6kQkeJIpt6NJZy8twLB/2vtz6yN9Z4vRKHN4/QZJIEbqohALSgwKdnksuY3k5Addp5lg8sVoVcQ==",
      "requires": {
        "safe-buffer": "^5.0.1"
      }
    },
    "event-target-shim": {
      "version": "5.0.1",
      "resolved": "https://registry.npmjs.org/event-target-shim/-/event-target-shim-5.0.1.tgz",
      "integrity": "sha512-i/2XbnSz/uxRCU6+NdVJgKWDTM427+MqYbkQzD321DuCQJUqOuJKIA0IM2+W2xtYHdKOmZ4dR6fExsd4SXL+WQ=="
    },
    "fromentries": {
      "version": "1.3.2",
      "resolved": "https://registry.npmjs.org/fromentries/-/fromentries-1.3.2.tgz",
      "integrity": "sha512-cHEpEQHUg0f8XdtZCc2ZAhrHzKzT0MrFUTcvx+hfxYu7rGMDc5SKoXFh+n4YigxsHXRzc6OrCshdR1bWH6HHyg=="
    },
    "fs": {
      "version": "0.0.1-security",
      "resolved": "https://registry.npmjs.org/fs/-/fs-0.0.1-security.tgz",
      "integrity": "sha1-invTcYa23d84E/I4WLV+yq9eQdQ="
    },
    "indent-string": {
      "version": "4.0.0",
      "resolved": "https://registry.npmjs.org/indent-string/-/indent-string-4.0.0.tgz",
      "integrity": "sha512-EdDDZu4A2OyIK7Lr/2zG+w5jmbuk1DVBnEwREQvBzspBJkCEbRa8GxU1lghYcaGJCnRWibjDXlq779X1/y5xwg=="
    },
    "is-plain-object": {
      "version": "5.0.0",
      "resolved": "https://registry.npmjs.org/is-plain-object/-/is-plain-object-5.0.0.tgz",
      "integrity": "sha512-VRSzKkbMm5jMDoKLbltAkFQ5Qr7VDiTFGXxYFXXowVj387GeGNOCsOH6Msy00SGZ3Fp84b1Naa1psqgcCIEP5Q=="
    },
    "jsonwebtoken": {
      "version": "8.5.1",
      "resolved": "https://registry.npmjs.org/jsonwebtoken/-/jsonwebtoken-8.5.1.tgz",
      "integrity": "sha512-XjwVfRS6jTMsqYs0EsuJ4LGxXV14zQybNd4L2r0UvbVnSF9Af8x7p5MzbJ90Ioz/9TI41/hTCvznF/loiSzn8w==",
      "requires": {
        "jws": "^3.2.2",
        "lodash.includes": "^4.3.0",
        "lodash.isboolean": "^3.0.3",
        "lodash.isinteger": "^4.0.4",
        "lodash.isnumber": "^3.0.3",
        "lodash.isplainobject": "^4.0.6",
        "lodash.isstring": "^4.0.1",
        "lodash.once": "^4.0.0",
        "ms": "^2.1.1",
        "semver": "^5.6.0"
      }
    },
    "jwa": {
      "version": "1.4.1",
      "resolved": "https://registry.npmjs.org/jwa/-/jwa-1.4.1.tgz",
      "integrity": "sha512-qiLX/xhEEFKUAJ6FiBMbes3w9ATzyk5W7Hvzpa/SLYdxNtng+gcurvrI7TbACjIXlsJyr05/S1oUhZrc63evQA==",
      "requires": {
        "buffer-equal-constant-time": "1.0.1",
        "ecdsa-sig-formatter": "1.0.11",
        "safe-buffer": "^5.0.1"
      }
    },
    "jws": {
      "version": "3.2.2",
      "resolved": "https://registry.npmjs.org/jws/-/jws-3.2.2.tgz",
      "integrity": "sha512-YHlZCB6lMTllWDtSPHz/ZXTsi8S00usEV6v1tjq8tOUZzw7DpSDWVXjXDre6ed1w/pd495ODpHZYSdkRTsa0HA==",
      "requires": {
        "jwa": "^1.4.1",
        "safe-buffer": "^5.0.1"
      }
    },
    "lodash.includes": {
      "version": "4.3.0",
      "resolved": "https://registry.npmjs.org/lodash.includes/-/lodash.includes-4.3.0.tgz",
      "integrity": "sha1-YLuYqHy5I8aMoeUTJUgzFISfVT8="
    },
    "lodash.isboolean": {
      "version": "3.0.3",
      "resolved": "https://registry.npmjs.org/lodash.isboolean/-/lodash.isboolean-3.0.3.tgz",
      "integrity": "sha1-bC4XHbKiV82WgC/UOwGyDV9YcPY="
    },
    "lodash.isinteger": {
      "version": "4.0.4",
      "resolved": "https://registry.npmjs.org/lodash.isinteger/-/lodash.isinteger-4.0.4.tgz",
      "integrity": "sha1-YZwK89A/iwTDH1iChAt3sRzWg0M="
    },
    "lodash.isnumber": {
      "version": "3.0.3",
      "resolved": "https://registry.npmjs.org/lodash.isnumber/-/lodash.isnumber-3.0.3.tgz",
      "integrity": "sha1-POdoEMWSjQM1IwGsKHMX8RwLH/w="
    },
    "lodash.isplainobject": {
      "version": "4.0.6",
      "resolved": "https://registry.npmjs.org/lodash.isplainobject/-/lodash.isplainobject-4.0.6.tgz",
      "integrity": "sha1-fFJqUtibRcRcxpC4gWO+BJf1UMs="
    },
    "lodash.isstring": {
      "version": "4.0.1",
      "resolved": "https://registry.npmjs.org/lodash.isstring/-/lodash.isstring-4.0.1.tgz",
      "integrity": "sha1-1SfftUVuynzJu5XV2ur4i6VKVFE="
    },
    "lodash.once": {
      "version": "4.1.1",
      "resolved": "https://registry.npmjs.org/lodash.once/-/lodash.once-4.1.1.tgz",
      "integrity": "sha1-DdOXEhPHxW34gJd9UEyI+0cal6w="
    },
    "lru-cache": {
      "version": "6.0.0",
      "resolved": "https://registry.npmjs.org/lru-cache/-/lru-cache-6.0.0.tgz",
      "integrity": "sha512-Jo6dJ04CmSjuznwJSS3pUeWmd/H0ffTlkXXgwZi+eq1UCmqQwCh+eLsYOYCwY991i2Fah4h1BEMCx4qThGbsiA==",
      "requires": {
        "yallist": "^4.0.0"
      }
    },
    "mime-db": {
      "version": "1.49.0",
      "resolved": "https://registry.npmjs.org/mime-db/-/mime-db-1.49.0.tgz",
      "integrity": "sha512-CIc8j9URtOVApSFCQIF+VBkX1RwXp/oMMOrqdyXSBXq5RWNEsRfyj1kiRnQgmNXmHxPoFIxOroKA3zcU9P+nAA=="
    },
    "mime-types": {
      "version": "2.1.32",
      "resolved": "https://registry.npmjs.org/mime-types/-/mime-types-2.1.32.tgz",
      "integrity": "sha512-hJGaVS4G4c9TSMYh2n6SQAGrC4RnfU+daP8G7cSCmaqNjiOoUY0VHCMS42pxnQmVF1GWwFhbHWn3RIxCqTmZ9A==",
      "requires": {
        "mime-db": "1.49.0"
      }
    },
    "ms": {
      "version": "2.1.3",
      "resolved": "https://registry.npmjs.org/ms/-/ms-2.1.3.tgz",
      "integrity": "sha512-6FlzubTLZG3J2a/NVCAleEhjzq5oxgHyaCU9yYXvcLsvoVaHJq/s5xXI6/XXP6tz7R9xAOtHnSO/tXtF3WRTlA=="
    },
    "node-fetch": {
      "version": "2.6.1",
      "resolved": "https://registry.npmjs.org/node-fetch/-/node-fetch-2.6.1.tgz",
      "integrity": "sha512-V4aYg89jEoVRxRb2fJdAg8FHvI7cEyYdVAh94HH0UIK8oJxUfkjlDQN9RbMx+bEjP7+ggMiFRprSti032Oipxw=="
    },
    "octokit": {
      "version": "1.1.0",
      "resolved": "https://registry.npmjs.org/octokit/-/octokit-1.1.0.tgz",
      "integrity": "sha512-S5MiFD9NgrFRFJkcnGPaLvI4FdIkzJj3+j7uYR/tSfaFSGHi8cgX77HXF/JCpETClYC69cDYrEzQAwHYkhACyg==",
      "requires": {
        "@octokit/app": "^12.0.0",
        "@octokit/core": "^3.3.1",
        "@octokit/oauth-app": "^3.3.0",
        "@octokit/plugin-paginate-rest": "^2.13.3",
        "@octokit/plugin-rest-endpoint-methods": "^5.0.0",
        "@octokit/plugin-retry": "^3.0.8",
        "@octokit/plugin-throttling": "^3.4.3",
        "@octokit/types": "^6.16.1"
      }
    },
    "once": {
      "version": "1.4.0",
      "resolved": "https://registry.npmjs.org/once/-/once-1.4.0.tgz",
      "integrity": "sha1-WDsap3WWHUsROsF9nFC6753Xa9E=",
      "requires": {
        "wrappy": "1"
      }
    },
    "prism-media": {
      "version": "1.3.1",
      "resolved": "https://registry.npmjs.org/prism-media/-/prism-media-1.3.1.tgz",
      "integrity": "sha512-nyYAa3KB4qteJIqdguKmwxTJgy55xxUtkJ3uRnOvO5jO+frci+9zpRXw6QZVcfDeva3S654fU9+26P2OSTzjHw=="
    },
    "safe-buffer": {
      "version": "5.2.1",
      "resolved": "https://registry.npmjs.org/safe-buffer/-/safe-buffer-5.2.1.tgz",
      "integrity": "sha512-rp3So07KcdmmKbGvgaNxQSJr7bGVSVk5S9Eq1F+ppbRo70+YeaDxkw5Dd8NPN+GD6bjnYm2VuPuCXmpuYvmCXQ=="
    },
    "semver": {
      "version": "5.7.1",
      "resolved": "https://registry.npmjs.org/semver/-/semver-5.7.1.tgz",
      "integrity": "sha512-sauaDf/PZdVgrLTNYHRtpXa1iRiKcaebiKQ1BJdpQlWH2lCvexQdX55snPFyK7QzpudqbCI0qXFfOasHdyNDGQ=="
    },
    "setimmediate": {
      "version": "1.0.5",
      "resolved": "https://registry.npmjs.org/setimmediate/-/setimmediate-1.0.5.tgz",
      "integrity": "sha1-KQy7Iy4waULX1+qbg3Mqt4VvgoU="
    },
    "tweetnacl": {
      "version": "1.0.3",
      "resolved": "https://registry.npmjs.org/tweetnacl/-/tweetnacl-1.0.3.tgz",
      "integrity": "sha512-6rt+RN7aOi1nGMyC4Xa5DdYiukl2UWCbcJft7YhxReBGQD7OAM8Pbxw6YMo4r2diNEA8FEmu32YOn9rhaiE5yw=="
    },
    "universal-github-app-jwt": {
      "version": "1.1.0",
      "resolved": "https://registry.npmjs.org/universal-github-app-jwt/-/universal-github-app-jwt-1.1.0.tgz",
      "integrity": "sha512-3b+ocAjjz4JTyqaOT+NNBd5BtTuvJTxWElIoeHSVelUV9J3Jp7avmQTdLKCaoqi/5Ox2o/q+VK19TJ233rVXVQ==",
      "requires": {
        "@types/jsonwebtoken": "^8.3.3",
        "jsonwebtoken": "^8.5.1"
      }
    },
    "universal-user-agent": {
      "version": "6.0.0",
      "resolved": "https://registry.npmjs.org/universal-user-agent/-/universal-user-agent-6.0.0.tgz",
      "integrity": "sha512-isyNax3wXoKaulPDZWHQqbmIx1k2tb9fb3GGDBRxCscfYV2Ch7WxPArBsFEG8s/safwXTT7H4QGhaIkTp9447w=="
    },
    "wrappy": {
      "version": "1.0.2",
      "resolved": "https://registry.npmjs.org/wrappy/-/wrappy-1.0.2.tgz",
      "integrity": "sha1-tSQ9jz7BqjXxNkYFvA0QNuMKtp8="
    },
    "ws": {
      "version": "7.5.3",
      "resolved": "https://registry.npmjs.org/ws/-/ws-7.5.3.tgz",
      "integrity": "sha512-kQ/dHIzuLrS6Je9+uv81ueZomEwH0qVYstcAQ4/Z93K8zeko9gtAbttJWzoC5ukqXY1PpoouV3+VSOqEAFt5wg=="
    },
    "yallist": {
      "version": "4.0.0",
      "resolved": "https://registry.npmjs.org/yallist/-/yallist-4.0.0.tgz",
      "integrity": "sha512-3wdGidZyq5PB084XLES5TpOSRA3wjXAlIWMhum2kRcv/41Sn2emQ0dycQW4uZXLejwKvg6EsvbdlVL+FYEct7A=="
    }
  }
}
